
Microsoft Visual Studio Solution File, Format Version 12.00
# Visual Studio Version 17
VisualStudioVersion = 17.6.33801.468
MinimumVisualStudioVersion = 10.0.40219.1
Project("{FAE04EC0-301F-11D3-BF4B-00C04F79EFBC}") = "AirTicketsNew", "AirTicketsNew\AirTicketsNew.csproj", "{FDE3F132-10EF-433A-9821-0FE4DB7995D4}"
EndProject
Global
	GlobalSection(SolutionConfigurationPlatforms) = preSolution
		Debug|Any CPU = Debug|Any CPU
		Release|Any CPU = Release|Any CPU
	EndGlobalSection
	GlobalSection(ProjectConfigurationPlatforms) = postSolution
		{FDE3F132-10EF-433A-9821-0FE4DB7995D4}.Debug|Any CPU.ActiveCfg = Debug|Any CPU
		{FDE3F132-10EF-433A-9821-0FE4DB7995D4}.Debug|Any CPU.Build.0 = Debug|Any CPU
		{FDE3F132-10EF-433A-9821-0FE4DB7995D4}.Release|Any CPU.ActiveCfg = Release|Any CPU
		{FDE3F132-10EF-433A-9821-0FE4DB7995D4}.Release|Any CPU.Build.0 = Release|Any CPU
	EndGlobalSection
	GlobalSection(SolutionProperties) = preSolution
		HideSolutionNode = FALSE
	EndGlobalSection
	GlobalSection(ExtensibilityGlobals) = postSolution
		SolutionGuid = {075F8238-ACD3-453D-8969-3B9A01BF475C}
	EndGlobalSection
EndGlobal
